
Microsoft Visual Studio Solution File, Format Version 12.00
# Visual Studio Version 17
VisualStudioVersion = 17.9.34622.214
MinimumVisualStudioVersion = 10.0.40219.1
Project("{FAE04EC0-301F-11D3-BF4B-00C04F79EFBC}") = "LMS-user-api", "LMS-user-api\LMS-user-api.csproj", "{BB60BFA9-E021-4CDA-8817-12E77AD0242D}"
EndProject
Project("{FAE04EC0-301F-11D3-BF4B-00C04F79EFBC}") = "Logic", "Logic\Logic.csproj", "{5640CEE6-6B71-4551-9DB0-6403A6511587}"
EndProject
Project("{FAE04EC0-301F-11D3-BF4B-00C04F79EFBC}") = "DAL", "DAL\DAL.csproj", "{7B0DEDFC-3C82-4A25-816B-6B284F973414}"
EndProject
Global
	GlobalSection(SolutionConfigurationPlatforms) = preSolution
		Debug|Any CPU = Debug|Any CPU
		Release|Any CPU = Release|Any CPU
	EndGlobalSection
	GlobalSection(ProjectConfigurationPlatforms) = postSolution
		{BB60BFA9-E021-4CDA-8817-12E77AD0242D}.Debug|Any CPU.ActiveCfg = Debug|Any CPU
		{BB60BFA9-E021-4CDA-8817-12E77AD0242D}.Debug|Any CPU.Build.0 = Debug|Any CPU
		{BB60BFA9-E021-4CDA-8817-12E77AD0242D}.Release|Any CPU.ActiveCfg = Release|Any CPU
		{BB60BFA9-E021-4CDA-8817-12E77AD0242D}.Release|Any CPU.Build.0 = Release|Any CPU
		{5640CEE6-6B71-4551-9DB0-6403A6511587}.Debug|Any CPU.ActiveCfg = Debug|Any CPU
		{5640CEE6-6B71-4551-9DB0-6403A6511587}.Debug|Any CPU.Build.0 = Debug|Any CPU
		{5640CEE6-6B71-4551-9DB0-6403A6511587}.Release|Any CPU.ActiveCfg = Release|Any CPU
		{5640CEE6-6B71-4551-9DB0-6403A6511587}.Release|Any CPU.Build.0 = Release|Any CPU
		{7B0DEDFC-3C82-4A25-816B-6B284F973414}.Debug|Any CPU.ActiveCfg = Debug|Any CPU
		{7B0DEDFC-3C82-4A25-816B-6B284F973414}.Debug|Any CPU.Build.0 = Debug|Any CPU
		{7B0DEDFC-3C82-4A25-816B-6B284F973414}.Release|Any CPU.ActiveCfg = Release|Any CPU
		{7B0DEDFC-3C82-4A25-816B-6B284F973414}.Release|Any CPU.Build.0 = Release|Any CPU
	EndGlobalSection
	GlobalSection(SolutionProperties) = preSolution
		HideSolutionNode = FALSE
	EndGlobalSection
	GlobalSection(ExtensibilityGlobals) = postSolution
		SolutionGuid = {D8FF0B10-A802-4B5C-BE65-AC77018E3D4D}
	EndGlobalSection
EndGlobal
